PODS:
  - Peacock (0.1.1)

DEPENDENCIES:
  - Peacock (from `https://github.com/ssaw/peacock.git`)

EXTERNAL SOURCES:
  Peacock:
    :git: https://github.com/ssaw/peacock.git

CHECKOUT OPTIONS:
  Peacock:
    :commit: 38115090d593613987e80e7d8d59becbc28ffd64
    :git: https://github.com/ssaw/peacock.git

SPEC CHECKSUMS:
  Peacock: 4a80c1af991fdf5afd71f80ccc38669c5a085ef1

COCOAPODS: 0.35.0
