PODS:
  - Peacock (0.0.1)

DEPENDENCIES:
  - Peacock (from `https://github.com/ssaw/peacock.git`)

EXTERNAL SOURCES:
  Peacock:
    :git: https://github.com/ssaw/peacock.git

CHECKOUT OPTIONS:
  Peacock:
    :commit: 5e4121ed2408e6c8d4c6b4d07f3360a0015b3cb8
    :git: https://github.com/ssaw/peacock.git

SPEC CHECKSUMS:
  Peacock: 2fad71f1c855fb04b9b057d18b682567e51c76df

COCOAPODS: 0.36.0
