// !$*UTF8*$!
{
	archiveVersion = 1;
	classes = {
	};
	objectVersion = 46;
	objects = {

/* Begin PBXBuildFile section */
		CD59FEBF1AACDA0900FB8D9E /* Peacock.h in CopyFiles */ = {isa = PBXBuildFile; fileRef = CD59FEBE1AACDA0900FB8D9E /* Peacock.h */; };
		CD59FEC11AACDA0900FB8D9E /* Peacock.m in Sources */ = {isa = PBXBuildFile; fileRef = CD59FEC01AACDA0900FB8D9E /* Peacock.m */; };
		CD59FEC71AACDA0900FB8D9E /* libPeacock.a in Frameworks */ = {isa = PBXBuildFile; fileRef = CD59FEBB1AACDA0900FB8D9E /* libPeacock.a */; };
		CD85FC841AAE58B2000B1318 /* LYCGFloatSizeHelper.m in Sources */ = {isa = PBXBuildFile; fileRef = CD85FC831AAE58B2000B1318 /* LYCGFloatSizeHelper.m */; };
		CDA1E9AE1AAE60CC00AFB06F /* LYPeacockLabelTests.m in Sources */ = {isa = PBXBuildFile; fileRef = CDA1E9AD1AAE60CC00AFB06F /* LYPeacockLabelTests.m */; };
		CDA8A5C91AAD0CEE007EAC99 /* UIButton+LYAppearance.m in Sources */ = {isa = PBXBuildFile; fileRef = CDA8A5AA1AAD0CEE007EAC99 /* UIButton+LYAppearance.m */; };
		CDA8A5CA1AAD0CEE007EAC99 /* UIButton+LYAttributedButton.m in Sources */ = {isa = PBXBuildFile; fileRef = CDA8A5AC1AAD0CEE007EAC99 /* UIButton+LYAttributedButton.m */; };
		CDA8A5CB1AAD0CEE007EAC99 /* LYUILabelWithVerticalScrollAnimationOnSetText.m in Sources */ = {isa = PBXBuildFile; fileRef = CDA8A5AF1AAD0CEE007EAC99 /* LYUILabelWithVerticalScrollAnimationOnSetText.m */; };
		CDA8A5CC1AAD0CEE007EAC99 /* UILabel+FontAppearance.m in Sources */ = {isa = PBXBuildFile; fileRef = CDA8A5B11AAD0CEE007EAC99 /* UILabel+FontAppearance.m */; };
		CDA8A5CD1AAD0CEE007EAC99 /* UILabel+LYAttributedLabel.m in Sources */ = {isa = PBXBuildFile; fileRef = CDA8A5B31AAD0CEE007EAC99 /* UILabel+LYAttributedLabel.m */; };
		CDA8A5CE1AAD0CEE007EAC99 /* UILabel+SizeToFitText.m in Sources */ = {isa = PBXBuildFile; fileRef = CDA8A5B51AAD0CEE007EAC99 /* UILabel+SizeToFitText.m */; };
		CDA8A5CF1AAD0CEE007EAC99 /* UILabel+VerticalAlignText.m in Sources */ = {isa = PBXBuildFile; fileRef = CDA8A5B71AAD0CEE007EAC99 /* UILabel+VerticalAlignText.m */; };
		CDA8A5D01AAD0CEE007EAC99 /* UINavigationBar+LYTranlucenceUIAppearance.m in Sources */ = {isa = PBXBuildFile; fileRef = CDA8A5BA1AAD0CEE007EAC99 /* UINavigationBar+LYTranlucenceUIAppearance.m */; };
		CDA8A5D11AAD0CEE007EAC99 /* UITableView+SeparatorUIAppearance.m in Sources */ = {isa = PBXBuildFile; fileRef = CDA8A5BD1AAD0CEE007EAC99 /* UITableView+SeparatorUIAppearance.m */; };
		CDA8A5D21AAD0CEE007EAC99 /* UITextField+LYAppearance.m in Sources */ = {isa = PBXBuildFile; fileRef = CDA8A5C01AAD0CEE007EAC99 /* UITextField+LYAppearance.m */; };
		CDA8A5D31AAD0CEE007EAC99 /* UITextView+LYAppearance.m in Sources */ = {isa = PBXBuildFile; fileRef = CDA8A5C31AAD0CEE007EAC99 /* UITextView+LYAppearance.m */; };
		CDA8A5D41AAD0CEE007EAC99 /* UIViewController+AttributedStringTitle.m in Sources */ = {isa = PBXBuildFile; fileRef = CDA8A5C61AAD0CEE007EAC99 /* UIViewController+AttributedStringTitle.m */; };
		CDA8A5D51AAD0CEE007EAC99 /* UIViewController+setStatusBarColor.m in Sources */ = {isa = PBXBuildFile; fileRef = CDA8A5C81AAD0CEE007EAC99 /* UIViewController+setStatusBarColor.m */; };
		CDD45E631AAE66AC00DF84DF /* UILabel+FontAppearance.m in Sources */ = {isa = PBXBuildFile; fileRef = CDA8A5B11AAD0CEE007EAC99 /* UILabel+FontAppearance.m */; };
/* End PBXBuildFile section */

/* Begin PBXContainerItemProxy section */
		CD59FEC81AACDA0900FB8D9E /* PBXContainerItemProxy */ = {
			isa = PBXContainerItemProxy;
			containerPortal = CD59FEB31AACDA0900FB8D9E /* Project object */;
			proxyType = 1;
			remoteGlobalIDString = CD59FEBA1AACDA0900FB8D9E;
			remoteInfo = Peacock;
		};
/* End PBXContainerItemProxy section */

/* Begin PBXCopyFilesBuildPhase section */
		CD59FEB91AACDA0900FB8D9E /* CopyFiles */ = {
			isa = PBXCopyFilesBuildPhase;
			buildActionMask = 2147483647;
			dstPath = "include/$(PRODUCT_NAME)";
			dstSubfolderSpec = 16;
			files = (
				CD59FEBF1AACDA0900FB8D9E /* Peacock.h in CopyFiles */,
			);
			runOnlyForDeploymentPostprocessing = 0;
		};
/* End PBXCopyFilesBuildPhase section */

/* Begin PBXFileReference section */
		CD59FEBB1AACDA0900FB8D9E /* libPeacock.a */ = {isa = PBXFileReference; explicitFileType = archive.ar; includeInIndex = 0; path = libPeacock.a; sourceTree = BUILT_PRODUCTS_DIR; };
		CD59FEBE1AACDA0900FB8D9E /* Peacock.h */ = {isa = PBXFileReference; lastKnownFileType = sourcecode.c.h; path = Peacock.h; sourceTree = "<group>"; };
		CD59FEC01AACDA0900FB8D9E /* Peacock.m */ = {isa = PBXFileReference; lastKnownFileType = sourcecode.c.objc; path = Peacock.m; sourceTree = "<group>"; };
		CD59FEC61AACDA0900FB8D9E /* PeacockTests.xctest */ = {isa = PBXFileReference; explicitFileType = wrapper.cfbundle; includeInIndex = 0; path = PeacockTests.xctest; sourceTree = BUILT_PRODUCTS_DIR; };
		CD59FECC1AACDA0900FB8D9E /* Info.plist */ = {isa = PBXFileReference; lastKnownFileType = text.plist.xml; path = Info.plist; sourceTree = "<group>"; };
		CD85FC821AAE58B2000B1318 /* LYCGFloatSizeHelper.h */ = {isa = PBXFileReference; fileEncoding = 4; lastKnownFileType = sourcecode.c.h; name = LYCGFloatSizeHelper.h; path = Peacock/LYCGFloatSizeHelper.h; sourceTree = SOURCE_ROOT; };
		CD85FC831AAE58B2000B1318 /* LYCGFloatSizeHelper.m */ = {isa = PBXFileReference; fileEncoding = 4; lastKnownFileType = sourcecode.c.objc; name = LYCGFloatSizeHelper.m; path = Peacock/LYCGFloatSizeHelper.m; sourceTree = SOURCE_ROOT; };
		CDA1E9AD1AAE60CC00AFB06F /* LYPeacockLabelTests.m */ = {isa = PBXFileReference; fileEncoding = 4; lastKnownFileType = sourcecode.c.objc; path = LYPeacockLabelTests.m; sourceTree = "<group>"; };
		CDA8A5A91AAD0CEE007EAC99 /* UIButton+LYAppearance.h */ = {isa = PBXFileReference; fileEncoding = 4; lastKnownFileType = sourcecode.c.h; path = "UIButton+LYAppearance.h"; sourceTree = "<group>"; };
		CDA8A5AA1AAD0CEE007EAC99 /* UIButton+LYAppearance.m */ = {isa = PBXFileReference; fileEncoding = 4; lastKnownFileType = sourcecode.c.objc; path = "UIButton+LYAppearance.m"; sourceTree = "<group>"; };
		CDA8A5AB1AAD0CEE007EAC99 /* UIButton+LYAttributedButton.h */ = {isa = PBXFileReference; fileEncoding = 4; lastKnownFileType = sourcecode.c.h; path = "UIButton+LYAttributedButton.h"; sourceTree = "<group>"; };
		CDA8A5AC1AAD0CEE007EAC99 /* UIButton+LYAttributedButton.m */ = {isa = PBXFileReference; fileEncoding = 4; lastKnownFileType = sourcecode.c.objc; path = "UIButton+LYAttributedButton.m"; sourceTree = "<group>"; };
		CDA8A5AE1AAD0CEE007EAC99 /* LYUILabelWithVerticalScrollAnimationOnSetText.h */ = {isa = PBXFileReference; fileEncoding = 4; lastKnownFileType = sourcecode.c.h; path = LYUILabelWithVerticalScrollAnimationOnSetText.h; sourceTree = "<group>"; };
		CDA8A5AF1AAD0CEE007EAC99 /* LYUILabelWithVerticalScrollAnimationOnSetText.m */ = {isa = PBXFileReference; fileEncoding = 4; lastKnownFileType = sourcecode.c.objc; path = LYUILabelWithVerticalScrollAnimationOnSetText.m; sourceTree = "<group>"; };
		CDA8A5B01AAD0CEE007EAC99 /* UILabel+FontAppearance.h */ = {isa = PBXFileReference; fileEncoding = 4; lastKnownFileType = sourcecode.c.h; path = "UILabel+FontAppearance.h"; sourceTree = "<group>"; };
		CDA8A5B11AAD0CEE007EAC99 /* UILabel+FontAppearance.m */ = {isa = PBXFileReference; fileEncoding = 4; lastKnownFileType = sourcecode.c.objc; path = "UILabel+FontAppearance.m"; sourceTree = "<group>"; };
		CDA8A5B21AAD0CEE007EAC99 /* UILabel+LYAttributedLabel.h */ = {isa = PBXFileReference; fileEncoding = 4; lastKnownFileType = sourcecode.c.h; path = "UILabel+LYAttributedLabel.h"; sourceTree = "<group>"; };
		CDA8A5B31AAD0CEE007EAC99 /* UILabel+LYAttributedLabel.m */ = {isa = PBXFileReference; fileEncoding = 4; lastKnownFileType = sourcecode.c.objc; path = "UILabel+LYAttributedLabel.m"; sourceTree = "<group>"; };
		CDA8A5B41AAD0CEE007EAC99 /* UILabel+SizeToFitText.h */ = {isa = PBXFileReference; fileEncoding = 4; lastKnownFileType = sourcecode.c.h; path = "UILabel+SizeToFitText.h"; sourceTree = "<group>"; };
		CDA8A5B51AAD0CEE007EAC99 /* UILabel+SizeToFitText.m */ = {isa = PBXFileReference; fileEncoding = 4; lastKnownFileType = sourcecode.c.objc; path = "UILabel+SizeToFitText.m"; sourceTree = "<group>"; };
		CDA8A5B61AAD0CEE007EAC99 /* UILabel+VerticalAlignText.h */ = {isa = PBXFileReference; fileEncoding = 4; lastKnownFileType = sourcecode.c.h; path = "UILabel+VerticalAlignText.h"; sourceTree = "<group>"; };
		CDA8A5B71AAD0CEE007EAC99 /* UILabel+VerticalAlignText.m */ = {isa = PBXFileReference; fileEncoding = 4; lastKnownFileType = sourcecode.c.objc; path = "UILabel+VerticalAlignText.m"; sourceTree = "<group>"; };
		CDA8A5B91AAD0CEE007EAC99 /* UINavigationBar+LYTranlucenceUIAppearance.h */ = {isa = PBXFileReference; fileEncoding = 4; lastKnownFileType = sourcecode.c.h; path = "UINavigationBar+LYTranlucenceUIAppearance.h"; sourceTree = "<group>"; };
		CDA8A5BA1AAD0CEE007EAC99 /* UINavigationBar+LYTranlucenceUIAppearance.m */ = {isa = PBXFileReference; fileEncoding = 4; lastKnownFileType = sourcecode.c.objc; path = "UINavigationBar+LYTranlucenceUIAppearance.m"; sourceTree = "<group>"; };
		CDA8A5BC1AAD0CEE007EAC99 /* UITableView+SeparatorUIAppearance.h */ = {isa = PBXFileReference; fileEncoding = 4; lastKnownFileType = sourcecode.c.h; path = "UITableView+SeparatorUIAppearance.h"; sourceTree = "<group>"; };
		CDA8A5BD1AAD0CEE007EAC99 /* UITableView+SeparatorUIAppearance.m */ = {isa = PBXFileReference; fileEncoding = 4; lastKnownFileType = sourcecode.c.objc; path = "UITableView+SeparatorUIAppearance.m"; sourceTree = "<group>"; };
		CDA8A5BF1AAD0CEE007EAC99 /* UITextField+LYAppearance.h */ = {isa = PBXFileReference; fileEncoding = 4; lastKnownFileType = sourcecode.c.h; path = "UITextField+LYAppearance.h"; sourceTree = "<group>"; };
		CDA8A5C01AAD0CEE007EAC99 /* UITextField+LYAppearance.m */ = {isa = PBXFileReference; fileEncoding = 4; lastKnownFileType = sourcecode.c.objc; path = "UITextField+LYAppearance.m"; sourceTree = "<group>"; };
		CDA8A5C21AAD0CEE007EAC99 /* UITextView+LYAppearance.h */ = {isa = PBXFileReference; fileEncoding = 4; lastKnownFileType = sourcecode.c.h; path = "UITextView+LYAppearance.h"; sourceTree = "<group>"; };
		CDA8A5C31AAD0CEE007EAC99 /* UITextView+LYAppearance.m */ = {isa = PBXFileReference; fileEncoding = 4; lastKnownFileType = sourcecode.c.objc; path = "UITextView+LYAppearance.m"; sourceTree = "<group>"; };
		CDA8A5C51AAD0CEE007EAC99 /* UIViewController+AttributedStringTitle.h */ = {isa = PBXFileReference; fileEncoding = 4; lastKnownFileType = sourcecode.c.h; path = "UIViewController+AttributedStringTitle.h"; sourceTree = "<group>"; };
		CDA8A5C61AAD0CEE007EAC99 /* UIViewController+AttributedStringTitle.m */ = {isa = PBXFileReference; fileEncoding = 4; lastKnownFileType = sourcecode.c.objc; path = "UIViewController+AttributedStringTitle.m"; sourceTree = "<group>"; };
		CDA8A5C71AAD0CEE007EAC99 /* UIViewController+setStatusBarColor.h */ = {isa = PBXFileReference; fileEncoding = 4; lastKnownFileType = sourcecode.c.h; path = "UIViewController+setStatusBarColor.h"; sourceTree = "<group>"; };
		CDA8A5C81AAD0CEE007EAC99 /* UIViewController+setStatusBarColor.m */ = {isa = PBXFileReference; fileEncoding = 4; lastKnownFileType = sourcecode.c.objc; path = "UIViewController+setStatusBarColor.m"; sourceTree = "<group>"; };
/* End PBXFileReference section */

/* Begin PBXFrameworksBuildPhase section */
		CD59FEB81AACDA0900FB8D9E /* Frameworks */ = {
			isa = PBXFrameworksBuildPhase;
			buildActionMask = 2147483647;
			files = (
			);
			runOnlyForDeploymentPostprocessing = 0;
		};
		CD59FEC31AACDA0900FB8D9E /* Frameworks */ = {
			isa = PBXFrameworksBuildPhase;
			buildActionMask = 2147483647;
			files = (
				CD59FEC71AACDA0900FB8D9E /* libPeacock.a in Frameworks */,
			);
			runOnlyForDeploymentPostprocessing = 0;
		};
/* End PBXFrameworksBuildPhase section */

/* Begin PBXGroup section */
		CD59FEB21AACDA0900FB8D9E = {
			isa = PBXGroup;
			children = (
				CD59FEBD1AACDA0900FB8D9E /* Peacock */,
				CD59FECA1AACDA0900FB8D9E /* PeacockTests */,
				CD59FEBC1AACDA0900FB8D9E /* Products */,
			);
			sourceTree = "<group>";
		};
		CD59FEBC1AACDA0900FB8D9E /* Products */ = {
			isa = PBXGroup;
			children = (
				CD59FEBB1AACDA0900FB8D9E /* libPeacock.a */,
				CD59FEC61AACDA0900FB8D9E /* PeacockTests.xctest */,
			);
			name = Products;
			sourceTree = "<group>";
		};
		CD59FEBD1AACDA0900FB8D9E /* Peacock */ = {
			isa = PBXGroup;
			children = (
				CD85FC811AAE58A2000B1318 /* Helpers */,
				CD59FEBE1AACDA0900FB8D9E /* Peacock.h */,
				CD59FEC01AACDA0900FB8D9E /* Peacock.m */,
				CDA8A5A81AAD0CEE007EAC99 /* UIButton */,
				CDA8A5AD1AAD0CEE007EAC99 /* UILabel */,
				CDA8A5B81AAD0CEE007EAC99 /* UINavigationBar */,
				CDA8A5BB1AAD0CEE007EAC99 /* UITableView */,
				CDA8A5BE1AAD0CEE007EAC99 /* UITextField */,
				CDA8A5C11AAD0CEE007EAC99 /* UITextView */,
				CDA8A5C41AAD0CEE007EAC99 /* UIViewController */,
			);
			path = Peacock;
			sourceTree = "<group>";
		};
		CD59FECA1AACDA0900FB8D9E /* PeacockTests */ = {
			isa = PBXGroup;
			children = (
				CD59FECB1AACDA0900FB8D9E /* Supporting Files */,
				CDA1E9AD1AAE60CC00AFB06F /* LYPeacockLabelTests.m */,
			);
			path = PeacockTests;
			sourceTree = "<group>";
		};
		CD59FECB1AACDA0900FB8D9E /* Supporting Files */ = {
			isa = PBXGroup;
			children = (
				CD59FECC1AACDA0900FB8D9E /* Info.plist */,
			);
			name = "Supporting Files";
			sourceTree = "<group>";
		};
		CD85FC811AAE58A2000B1318 /* Helpers */ = {
			isa = PBXGroup;
			children = (
				CD85FC821AAE58B2000B1318 /* LYCGFloatSizeHelper.h */,
				CD85FC831AAE58B2000B1318 /* LYCGFloatSizeHelper.m */,
			);
			path = Helpers;
			sourceTree = "<group>";
		};
		CDA8A5A81AAD0CEE007EAC99 /* UIButton */ = {
			isa = PBXGroup;
			children = (
				CDA8A5A91AAD0CEE007EAC99 /* UIButton+LYAppearance.h */,
				CDA8A5AA1AAD0CEE007EAC99 /* UIButton+LYAppearance.m */,
				CDA8A5AB1AAD0CEE007EAC99 /* UIButton+LYAttributedButton.h */,
				CDA8A5AC1AAD0CEE007EAC99 /* UIButton+LYAttributedButton.m */,
			);
			path = UIButton;
			sourceTree = "<group>";
		};
		CDA8A5AD1AAD0CEE007EAC99 /* UILabel */ = {
			isa = PBXGroup;
			children = (
				CDA8A5AE1AAD0CEE007EAC99 /* LYUILabelWithVerticalScrollAnimationOnSetText.h */,
				CDA8A5AF1AAD0CEE007EAC99 /* LYUILabelWithVerticalScrollAnimationOnSetText.m */,
				CDA8A5B01AAD0CEE007EAC99 /* UILabel+FontAppearance.h */,
				CDA8A5B11AAD0CEE007EAC99 /* UILabel+FontAppearance.m */,
				CDA8A5B21AAD0CEE007EAC99 /* UILabel+LYAttributedLabel.h */,
				CDA8A5B31AAD0CEE007EAC99 /* UILabel+LYAttributedLabel.m */,
				CDA8A5B41AAD0CEE007EAC99 /* UILabel+SizeToFitText.h */,
				CDA8A5B51AAD0CEE007EAC99 /* UILabel+SizeToFitText.m */,
				CDA8A5B61AAD0CEE007EAC99 /* UILabel+VerticalAlignText.h */,
				CDA8A5B71AAD0CEE007EAC99 /* UILabel+VerticalAlignText.m */,
			);
			path = UILabel;
			sourceTree = "<group>";
		};
		CDA8A5B81AAD0CEE007EAC99 /* UINavigationBar */ = {
			isa = PBXGroup;
			children = (
				CDA8A5B91AAD0CEE007EAC99 /* UINavigationBar+LYTranlucenceUIAppearance.h */,
				CDA8A5BA1AAD0CEE007EAC99 /* UINavigationBar+LYTranlucenceUIAppearance.m */,
			);
			path = UINavigationBar;
			sourceTree = "<group>";
		};
		CDA8A5BB1AAD0CEE007EAC99 /* UITableView */ = {
			isa = PBXGroup;
			children = (
				CDA8A5BC1AAD0CEE007EAC99 /* UITableView+SeparatorUIAppearance.h */,
				CDA8A5BD1AAD0CEE007EAC99 /* UITableView+SeparatorUIAppearance.m */,
			);
			path = UITableView;
			sourceTree = "<group>";
		};
		CDA8A5BE1AAD0CEE007EAC99 /* UITextField */ = {
			isa = PBXGroup;
			children = (
				CDA8A5BF1AAD0CEE007EAC99 /* UITextField+LYAppearance.h */,
				CDA8A5C01AAD0CEE007EAC99 /* UITextField+LYAppearance.m */,
			);
			path = UITextField;
			sourceTree = "<group>";
		};
		CDA8A5C11AAD0CEE007EAC99 /* UITextView */ = {
			isa = PBXGroup;
			children = (
				CDA8A5C21AAD0CEE007EAC99 /* UITextView+LYAppearance.h */,
				CDA8A5C31AAD0CEE007EAC99 /* UITextView+LYAppearance.m */,
			);
			path = UITextView;
			sourceTree = "<group>";
		};
		CDA8A5C41AAD0CEE007EAC99 /* UIViewController */ = {
			isa = PBXGroup;
			children = (
				CDA8A5C51AAD0CEE007EAC99 /* UIViewController+AttributedStringTitle.h */,
				CDA8A5C61AAD0CEE007EAC99 /* UIViewController+AttributedStringTitle.m */,
				CDA8A5C71AAD0CEE007EAC99 /* UIViewController+setStatusBarColor.h */,
				CDA8A5C81AAD0CEE007EAC99 /* UIViewController+setStatusBarColor.m */,
			);
			path = UIViewController;
			sourceTree = "<group>";
		};
/* End PBXGroup section */

/* Begin PBXNativeTarget section */
		CD59FEBA1AACDA0900FB8D9E /* Peacock */ = {
			isa = PBXNativeTarget;
			buildConfigurationList = CD59FECF1AACDA0900FB8D9E /* Build configuration list for PBXNativeTarget "Peacock" */;
			buildPhases = (
				CD59FEB71AACDA0900FB8D9E /* Sources */,
				CD59FEB81AACDA0900FB8D9E /* Frameworks */,
				CD59FEB91AACDA0900FB8D9E /* CopyFiles */,
			);
			buildRules = (
			);
			dependencies = (
			);
			name = Peacock;
			productName = Peacock;
			productReference = CD59FEBB1AACDA0900FB8D9E /* libPeacock.a */;
			productType = "com.apple.product-type.library.static";
		};
		CD59FEC51AACDA0900FB8D9E /* PeacockTests */ = {
			isa = PBXNativeTarget;
			buildConfigurationList = CD59FED21AACDA0900FB8D9E /* Build configuration list for PBXNativeTarget "PeacockTests" */;
			buildPhases = (
				CD59FEC21AACDA0900FB8D9E /* Sources */,
				CD59FEC31AACDA0900FB8D9E /* Frameworks */,
				CD59FEC41AACDA0900FB8D9E /* Resources */,
			);
			buildRules = (
			);
			dependencies = (
				CD59FEC91AACDA0900FB8D9E /* PBXTargetDependency */,
			);
			name = PeacockTests;
			productName = PeacockTests;
			productReference = CD59FEC61AACDA0900FB8D9E /* PeacockTests.xctest */;
			productType = "com.apple.product-type.bundle.unit-test";
		};
/* End PBXNativeTarget section */

/* Begin PBXProject section */
		CD59FEB31AACDA0900FB8D9E /* Project object */ = {
			isa = PBXProject;
			attributes = {
				LastUpgradeCheck = 0610;
				ORGANIZATIONNAME = Lyst;
				TargetAttributes = {
					CD59FEBA1AACDA0900FB8D9E = {
						CreatedOnToolsVersion = 6.1.1;
					};
					CD59FEC51AACDA0900FB8D9E = {
						CreatedOnToolsVersion = 6.1.1;
					};
				};
			};
			buildConfigurationList = CD59FEB61AACDA0900FB8D9E /* Build configuration list for PBXProject "Peacock" */;
			compatibilityVersion = "Xcode 3.2";
			developmentRegion = English;
			hasScannedForEncodings = 0;
			knownRegions = (
				en,
			);
			mainGroup = CD59FEB21AACDA0900FB8D9E;
			productRefGroup = CD59FEBC1AACDA0900FB8D9E /* Products */;
			projectDirPath = "";
			projectRoot = "";
			targets = (
				CD59FEBA1AACDA0900FB8D9E /* Peacock */,
				CD59FEC51AACDA0900FB8D9E /* PeacockTests */,
			);
		};
/* End PBXProject section */

/* Begin PBXResourcesBuildPhase section */
		CD59FEC41AACDA0900FB8D9E /* Resources */ = {
			isa = PBXResourcesBuildPhase;
			buildActionMask = 2147483647;
			files = (
			);
			runOnlyForDeploymentPostprocessing = 0;
		};
/* End PBXResourcesBuildPhase section */

/* Begin PBXSourcesBuildPhase section */
		CD59FEB71AACDA0900FB8D9E /* Sources */ = {
			isa = PBXSourcesBuildPhase;
			buildActionMask = 2147483647;
			files = (
				CDA8A5CB1AAD0CEE007EAC99 /* LYUILabelWithVerticalScrollAnimationOnSetText.m in Sources */,
				CDA8A5CF1AAD0CEE007EAC99 /* UILabel+VerticalAlignText.m in Sources */,
				CDA8A5CA1AAD0CEE007EAC99 /* UIButton+LYAttributedButton.m in Sources */,
				CDA8A5D01AAD0CEE007EAC99 /* UINavigationBar+LYTranlucenceUIAppearance.m in Sources */,
				CDA8A5CD1AAD0CEE007EAC99 /* UILabel+LYAttributedLabel.m in Sources */,
				CDA8A5D11AAD0CEE007EAC99 /* UITableView+SeparatorUIAppearance.m in Sources */,
				CDA8A5C91AAD0CEE007EAC99 /* UIButton+LYAppearance.m in Sources */,
				CD59FEC11AACDA0900FB8D9E /* Peacock.m in Sources */,
				CDA8A5D21AAD0CEE007EAC99 /* UITextField+LYAppearance.m in Sources */,
				CDA8A5D51AAD0CEE007EAC99 /* UIViewController+setStatusBarColor.m in Sources */,
				CDA8A5CE1AAD0CEE007EAC99 /* UILabel+SizeToFitText.m in Sources */,
				CDA8A5D31AAD0CEE007EAC99 /* UITextView+LYAppearance.m in Sources */,
				CDA8A5D41AAD0CEE007EAC99 /* UIViewController+AttributedStringTitle.m in Sources */,
				CD85FC841AAE58B2000B1318 /* LYCGFloatSizeHelper.m in Sources */,
				CDA8A5CC1AAD0CEE007EAC99 /* UILabel+FontAppearance.m in Sources */,
			);
			runOnlyForDeploymentPostprocessing = 0;
		};
		CD59FEC21AACDA0900FB8D9E /* Sources */ = {
			isa = PBXSourcesBuildPhase;
			buildActionMask = 2147483647;
			files = (
				CDA1E9AE1AAE60CC00AFB06F /* LYPeacockLabelTests.m in Sources */,
				CDD45E631AAE66AC00DF84DF /* UILabel+FontAppearance.m in Sources */,
			);
			runOnlyForDeploymentPostprocessing = 0;
		};
/* End PBXSourcesBuildPhase section */

/* Begin PBXTargetDependency section */
		CD59FEC91AACDA0900FB8D9E /* PBXTargetDependency */ = {
			isa = PBXTargetDependency;
			target = CD59FEBA1AACDA0900FB8D9E /* Peacock */;
			targetProxy = CD59FEC81AACDA0900FB8D9E /* PBXContainerItemProxy */;
		};
/* End PBXTargetDependency section */

/* Begin XCBuildConfiguration section */
		CD59FECD1AACDA0900FB8D9E /* Debug */ = {
			isa = XCBuildConfiguration;
			buildSettings = {
				ALWAYS_SEARCH_USER_PATHS = NO;
				CLANG_CXX_LANGUAGE_STANDARD = "gnu++0x";
				CLANG_CXX_LIBRARY = "libc++";
				CLANG_ENABLE_MODULES = YES;
				CLANG_ENABLE_OBJC_ARC = YES;
				CLANG_WARN_BOOL_CONVERSION = YES;
				CLANG_WARN_CONSTANT_CONVERSION = YES;
				CLANG_WARN_DIRECT_OBJC_ISA_USAGE = YES_ERROR;
				CLANG_WARN_EMPTY_BODY = YES;
				CLANG_WARN_ENUM_CONVERSION = YES;
				CLANG_WARN_INT_CONVERSION = YES;
				CLANG_WARN_OBJC_ROOT_CLASS = YES_ERROR;
				CLANG_WARN_UNREACHABLE_CODE = YES;
				CLANG_WARN__DUPLICATE_METHOD_MATCH = YES;
				CODE_SIGN_IDENTITY = "iPhone Developer: Raimon Lapuente (VSWEP4F6PL)";
				COPY_PHASE_STRIP = NO;
				ENABLE_STRICT_OBJC_MSGSEND = YES;
				GCC_C_LANGUAGE_STANDARD = gnu99;
				GCC_DYNAMIC_NO_PIC = NO;
				GCC_OPTIMIZATION_LEVEL = 0;
				GCC_PREPROCESSOR_DEFINITIONS = (
					"DEBUG=1",
					"$(inherited)",
				);
				GCC_SYMBOLS_PRIVATE_EXTERN = NO;
				GCC_WARN_64_TO_32_BIT_CONVERSION = YES;
				GCC_WARN_ABOUT_RETURN_TYPE = YES_ERROR;
				GCC_WARN_UNDECLARED_SELECTOR = YES;
				GCC_WARN_UNINITIALIZED_AUTOS = YES_AGGRESSIVE;
				GCC_WARN_UNUSED_FUNCTION = YES;
				GCC_WARN_UNUSED_VARIABLE = YES;
				IPHONEOS_DEPLOYMENT_TARGET = 8.1;
				MTL_ENABLE_DEBUG_INFO = YES;
				ONLY_ACTIVE_ARCH = YES;
				SDKROOT = iphoneos;
			};
			name = Debug;
		};
		CD59FECE1AACDA0900FB8D9E /* Release */ = {
			isa = XCBuildConfiguration;
			buildSettings = {
				ALWAYS_SEARCH_USER_PATHS = NO;
				CLANG_CXX_LANGUAGE_STANDARD = "gnu++0x";
				CLANG_CXX_LIBRARY = "libc++";
				CLANG_ENABLE_MODULES = YES;
				CLANG_ENABLE_OBJC_ARC = YES;
				CLANG_WARN_BOOL_CONVERSION = YES;
				CLANG_WARN_CONSTANT_CONVERSION = YES;
				CLANG_WARN_DIRECT_OBJC_ISA_USAGE = YES_ERROR;
				CLANG_WARN_EMPTY_BODY = YES;
				CLANG_WARN_ENUM_CONVERSION = YES;
				CLANG_WARN_INT_CONVERSION = YES;
				CLANG_WARN_OBJC_ROOT_CLASS = YES_ERROR;
				CLANG_WARN_UNREACHABLE_CODE = YES;
				CLANG_WARN__DUPLICATE_METHOD_MATCH = YES;
				CODE_SIGN_IDENTITY = "iPhone Developer: Raimon Lapuente (VSWEP4F6PL)";
				COPY_PHASE_STRIP = YES;
				ENABLE_NS_ASSERTIONS = NO;
				ENABLE_STRICT_OBJC_MSGSEND = YES;
				GCC_C_LANGUAGE_STANDARD = gnu99;
				GCC_WARN_64_TO_32_BIT_CONVERSION = YES;
				GCC_WARN_ABOUT_RETURN_TYPE = YES_ERROR;
				GCC_WARN_UNDECLARED_SELECTOR = YES;
				GCC_WARN_UNINITIALIZED_AUTOS = YES_AGGRESSIVE;
				GCC_WARN_UNUSED_FUNCTION = YES;
				GCC_WARN_UNUSED_VARIABLE = YES;
				IPHONEOS_DEPLOYMENT_TARGET = 8.1;
				MTL_ENABLE_DEBUG_INFO = NO;
				SDKROOT = iphoneos;
				VALIDATE_PRODUCT = YES;
			};
			name = Release;
		};
		CD59FED01AACDA0900FB8D9E /* Debug */ = {
			isa = XCBuildConfiguration;
			buildSettings = {
				OTHER_LDFLAGS = "-ObjC";
				PRODUCT_NAME = "$(TARGET_NAME)";
				SKIP_INSTALL = YES;
			};
			name = Debug;
		};
		CD59FED11AACDA0900FB8D9E /* Release */ = {
			isa = XCBuildConfiguration;
			buildSettings = {
				OTHER_LDFLAGS = "-ObjC";
				PRODUCT_NAME = "$(TARGET_NAME)";
				SKIP_INSTALL = YES;
			};
			name = Release;
		};
		CD59FED31AACDA0900FB8D9E /* Debug */ = {
			isa = XCBuildConfiguration;
			buildSettings = {
				FRAMEWORK_SEARCH_PATHS = (
					"$(SDKROOT)/Developer/Library/Frameworks",
					"$(inherited)",
				);
				GCC_PREPROCESSOR_DEFINITIONS = (
					"DEBUG=1",
					"$(inherited)",
				);
				INFOPLIST_FILE = PeacockTests/Info.plist;
				LD_RUNPATH_SEARCH_PATHS = "$(inherited) @executable_path/Frameworks @loader_path/Frameworks";
				PRODUCT_NAME = "$(TARGET_NAME)";
			};
			name = Debug;
		};
		CD59FED41AACDA0900FB8D9E /* Release */ = {
			isa = XCBuildConfiguration;
			buildSettings = {
				FRAMEWORK_SEARCH_PATHS = (
					"$(SDKROOT)/Developer/Library/Frameworks",
					"$(inherited)",
				);
				INFOPLIST_FILE = PeacockTests/Info.plist;
				LD_RUNPATH_SEARCH_PATHS = "$(inherited) @executable_path/Frameworks @loader_path/Frameworks";
				PRODUCT_NAME = "$(TARGET_NAME)";
			};
			name = Release;
		};
/* End XCBuildConfiguration section */

/* Begin XCConfigurationList section */
		CD59FEB61AACDA0900FB8D9E /* Build configuration list for PBXProject "Peacock" */ = {
			isa = XCConfigurationList;
			buildConfigurations = (
				CD59FECD1AACDA0900FB8D9E /* Debug */,
				CD59FECE1AACDA0900FB8D9E /* Release */,
			);
			defaultConfigurationIsVisible = 0;
			defaultConfigurationName = Release;
		};
		CD59FECF1AACDA0900FB8D9E /* Build configuration list for PBXNativeTarget "Peacock" */ = {
			isa = XCConfigurationList;
			buildConfigurations = (
				CD59FED01AACDA0900FB8D9E /* Debug */,
				CD59FED11AACDA0900FB8D9E /* Release */,
			);
			defaultConfigurationIsVisible = 0;
			defaultConfigurationName = Release;
		};
		CD59FED21AACDA0900FB8D9E /* Build configuration list for PBXNativeTarget "PeacockTests" */ = {
			isa = XCConfigurationList;
			buildConfigurations = (
				CD59FED31AACDA0900FB8D9E /* Debug */,
				CD59FED41AACDA0900FB8D9E /* Release */,
			);
			defaultConfigurationIsVisible = 0;
			defaultConfigurationName = Release;
		};
/* End XCConfigurationList section */
	};
	rootObject = CD59FEB31AACDA0900FB8D9E /* Project object */;
}
